
Microsoft Visual Studio Solution File, Format Version 12.00
# Visual Studio Version 17
VisualStudioVersion = 17.0.31903.59
MinimumVisualStudioVersion = 10.0.40219.1
Project("{FAE04EC0-301F-11D3-BF4B-00C04F79EFBC}") = "qwiik.Api", "qwiik.Api\qwiik.Api.csproj", "{882E000E-373E-4142-BE98-A854B082C42F}"
EndProject
Project("{FAE04EC0-301F-11D3-BF4B-00C04F79EFBC}") = "qwiik.UnitTests", "qwiik.UnitTests\qwiik.UnitTests.csproj", "{5D127784-9A69-4683-A9BD-E908BD255DA5}"
EndProject
Global
	GlobalSection(SolutionConfigurationPlatforms) = preSolution
		Debug|Any CPU = Debug|Any CPU
		Release|Any CPU = Release|Any CPU
	EndGlobalSection
	GlobalSection(SolutionProperties) = preSolution
		HideSolutionNode = FALSE
	EndGlobalSection
	GlobalSection(ProjectConfigurationPlatforms) = postSolution
		{882E000E-373E-4142-BE98-A854B082C42F}.Debug|Any CPU.ActiveCfg = Debug|Any CPU
		{882E000E-373E-4142-BE98-A854B082C42F}.Debug|Any CPU.Build.0 = Debug|Any CPU
		{882E000E-373E-4142-BE98-A854B082C42F}.Release|Any CPU.ActiveCfg = Release|Any CPU
		{882E000E-373E-4142-BE98-A854B082C42F}.Release|Any CPU.Build.0 = Release|Any CPU
		{5D127784-9A69-4683-A9BD-E908BD255DA5}.Debug|Any CPU.ActiveCfg = Debug|Any CPU
		{5D127784-9A69-4683-A9BD-E908BD255DA5}.Debug|Any CPU.Build.0 = Debug|Any CPU
		{5D127784-9A69-4683-A9BD-E908BD255DA5}.Release|Any CPU.ActiveCfg = Release|Any CPU
		{5D127784-9A69-4683-A9BD-E908BD255DA5}.Release|Any CPU.Build.0 = Release|Any CPU
	EndGlobalSection
EndGlobal
